// !$*UTF8*$!
{
	archiveVersion = 1;
	classes = {
	};
	objectVersion = 46;
	objects = {

/* Begin PBXBuildFile section */
		44E916811B86CDE200EF9C38 /* Voicemail.wav in Resources */ = {isa = PBXBuildFile; fileRef = 44E916801B86CDE200EF9C38 /* Voicemail.wav */; };
		44E916BC1B86F41300EF9C38 /* FHRegisterSecondViewController.m in Sources */ = {isa = PBXBuildFile; fileRef = 44E916B91B86F41300EF9C38 /* FHRegisterSecondViewController.m */; };
		44E916BD1B86F41300EF9C38 /* FHRegisterThirdViewController.m in Sources */ = {isa = PBXBuildFile; fileRef = 44E916BB1B86F41300EF9C38 /* FHRegisterThirdViewController.m */; };
		44E916C21B86F42300EF9C38 /* FHRegisterFirstViewController.m in Sources */ = {isa = PBXBuildFile; fileRef = 44E916BF1B86F42300EF9C38 /* FHRegisterFirstViewController.m */; };
		44E916C31B86F42300EF9C38 /* GXLoginViewController.m in Sources */ = {isa = PBXBuildFile; fileRef = 44E916C11B86F42300EF9C38 /* GXLoginViewController.m */; };
		44E916C71B86F46300EF9C38 /* GXRegisterModel.m in Sources */ = {isa = PBXBuildFile; fileRef = 44E916C61B86F46300EF9C38 /* GXRegisterModel.m */; };
		44E916D91B87157400EF9C38 /* GXDatabaseEntityUser.m in Sources */ = {isa = PBXBuildFile; fileRef = 44E916D81B87157400EF9C38 /* GXDatabaseEntityUser.m */; };
		44E916DC1B87157400EF9C38 /* GXDatabaseEntityRecord.m in Sources */ = {isa = PBXBuildFile; fileRef = 44E916DB1B87157400EF9C38 /* GXDatabaseEntityRecord.m */; };
		44E916E21B87158800EF9C38 /* GXDatabaseHelper.m in Sources */ = {isa = PBXBuildFile; fileRef = 44E916E11B87158800EF9C38 /* GXDatabaseHelper.m */; };
		44E916EA1B87874300EF9C38 /* zkeyLoginView.m in Sources */ = {isa = PBXBuildFile; fileRef = 44E916E91B87874300EF9C38 /* zkeyLoginView.m */; };
		44E916F01B87880300EF9C38 /* zkeyIndentifierValidator.m in Sources */ = {isa = PBXBuildFile; fileRef = 44E916EF1B87880300EF9C38 /* zkeyIndentifierValidator.m */; };
		44E916F51B880EA300EF9C38 /* GXDeviceModel.m in Sources */ = {isa = PBXBuildFile; fileRef = 44E916F41B880EA300EF9C38 /* GXDeviceModel.m */; };
		44E916F81B88414000EF9C38 /* GXDatabaseEntityDevice.m in Sources */ = {isa = PBXBuildFile; fileRef = 44E916F71B88414000EF9C38 /* GXDatabaseEntityDevice.m */; };
		44E916FE1B8843D100EF9C38 /* GXDeviceUserMappingModel.m in Sources */ = {isa = PBXBuildFile; fileRef = 44E916FD1B8843D100EF9C38 /* GXDeviceUserMappingModel.m */; };
		44E917011B8849A900EF9C38 /* GXDatabaseEntityDeviceUserMappingItem.m in Sources */ = {isa = PBXBuildFile; fileRef = 44E917001B8849A900EF9C38 /* GXDatabaseEntityDeviceUserMappingItem.m */; };
		44E917041B884B9000EF9C38 /* GXServerDataAnalyst.m in Sources */ = {isa = PBXBuildFile; fileRef = 44E917031B884B9000EF9C38 /* GXServerDataAnalyst.m */; };
		44E9170B1B8883B700EF9C38 /* GXUserModel.m in Sources */ = {isa = PBXBuildFile; fileRef = 44E9170A1B8883B700EF9C38 /* GXUserModel.m */; };
		44E9B7F31B86048600D289F0 /* SystemConfiguration.framework in Frameworks */ = {isa = PBXBuildFile; fileRef = 44E9B7F21B86048600D289F0 /* SystemConfiguration.framework */; };
		44E9B7F51B8604F500D289F0 /* libresolv.dylib in Frameworks */ = {isa = PBXBuildFile; fileRef = 44E9B7F41B8604F500D289F0 /* libresolv.dylib */; };
		44E9B7F71B86050B00D289F0 /* libxml2.dylib in Frameworks */ = {isa = PBXBuildFile; fileRef = 44E9B7F61B86050B00D289F0 /* libxml2.dylib */; };
		44E9B7F91B86052500D289F0 /* MobileCoreServices.framework in Frameworks */ = {isa = PBXBuildFile; fileRef = 44E9B7F81B86052500D289F0 /* MobileCoreServices.framework */; };
		44E9B7FB1B86052D00D289F0 /* CFNetwork.framework in Frameworks */ = {isa = PBXBuildFile; fileRef = 44E9B7FA1B86052D00D289F0 /* CFNetwork.framework */; };
		44E9B7FD1B86053800D289F0 /* CoreTelephony.framework in Frameworks */ = {isa = PBXBuildFile; fileRef = 44E9B7FC1B86053800D289F0 /* CoreTelephony.framework */; };
		44E9B8001B860B0900D289F0 /* GXRootViewController.m in Sources */ = {isa = PBXBuildFile; fileRef = 44E9B7FF1B860B0900D289F0 /* GXRootViewController.m */; };
		44E9B8031B860C8000D289F0 /* zkeyActivityIndicatorView.m in Sources */ = {isa = PBXBuildFile; fileRef = 44E9B8021B860C8000D289F0 /* zkeyActivityIndicatorView.m */; };
		44E9B8081B860CC600D289F0 /* zkeyAlertBanner.m in Sources */ = {isa = PBXBuildFile; fileRef = 44E9B8051B860CC600D289F0 /* zkeyAlertBanner.m */; };
		44E9B8091B860CC600D289F0 /* zkeyViewHelper.m in Sources */ = {isa = PBXBuildFile; fileRef = 44E9B8071B860CC600D289F0 /* zkeyViewHelper.m */; };
		44E9F7C81B84D4AC00165234 /* main.m in Sources */ = {isa = PBXBuildFile; fileRef = 44E9F7C71B84D4AC00165234 /* main.m */; };
		44E9F7CB1B84D4AC00165234 /* AppDelegate.m in Sources */ = {isa = PBXBuildFile; fileRef = 44E9F7CA1B84D4AC00165234 /* AppDelegate.m */; };
		44E9F7CE1B84D4AC00165234 /* GXSmartSlock.xcdatamodeld in Sources */ = {isa = PBXBuildFile; fileRef = 44E9F7CC1B84D4AC00165234 /* GXSmartSlock.xcdatamodeld */; };
		44E9F7D41B84D4AC00165234 /* Main.storyboard in Resources */ = {isa = PBXBuildFile; fileRef = 44E9F7D21B84D4AC00165234 /* Main.storyboard */; };
		44E9F7D61B84D4AC00165234 /* Images.xcassets in Resources */ = {isa = PBXBuildFile; fileRef = 44E9F7D51B84D4AC00165234 /* Images.xcassets */; };
		44E9F7D91B84D4AC00165234 /* LaunchScreen.xib in Resources */ = {isa = PBXBuildFile; fileRef = 44E9F7D71B84D4AC00165234 /* LaunchScreen.xib */; };
		44E9F7E51B84D4AC00165234 /* GXSmartSlockTests.m in Sources */ = {isa = PBXBuildFile; fileRef = 44E9F7E41B84D4AC00165234 /* GXSmartSlockTests.m */; };
		44E9F7F61B85D44600165234 /* libMiPushSDK.a in Frameworks */ = {isa = PBXBuildFile; fileRef = 44E9F7F01B85D44600165234 /* libMiPushSDK.a */; };
		44E9F7F71B85D44600165234 /* zkeyMiPushPackage.m in Sources */ = {isa = PBXBuildFile; fileRef = 44E9F7F51B85D44600165234 /* zkeyMiPushPackage.m */; };
		44E9F7FF1B85E00100165234 /* guidePageImgSource.plist in Resources */ = {isa = PBXBuildFile; fileRef = 44E9F7FC1B85E00100165234 /* guidePageImgSource.plist */; };
		44E9F8001B85E00100165234 /* GXGuidePageViewController.m in Sources */ = {isa = PBXBuildFile; fileRef = 44E9F7FE1B85E00100165234 /* GXGuidePageViewController.m */; };
		44E9F8081B85E03100165234 /* guidePage01@4s.png in Resources */ = {isa = PBXBuildFile; fileRef = 44E9F8031B85E03100165234 /* guidePage01@4s.png */; };
		44E9F8091B85E03100165234 /* guidePage02@4s.png in Resources */ = {isa = PBXBuildFile; fileRef = 44E9F8041B85E03100165234 /* guidePage02@4s.png */; };
		44E9F80A1B85E03100165234 /* guidePage03@4s.png in Resources */ = {isa = PBXBuildFile; fileRef = 44E9F8051B85E03100165234 /* guidePage03@4s.png */; };
		44E9F80B1B85E03100165234 /* guidePage04@4s.png in Resources */ = {isa = PBXBuildFile; fileRef = 44E9F8061B85E03100165234 /* guidePage04@4s.png */; };
		44E9F80C1B85E03100165234 /* guidePage05@4s.png in Resources */ = {isa = PBXBuildFile; fileRef = 44E9F8071B85E03100165234 /* guidePage05@4s.png */; };
		44E9F8131B85E08A00165234 /* guidePage01@5s.png in Resources */ = {isa = PBXBuildFile; fileRef = 44E9F80E1B85E08A00165234 /* guidePage01@5s.png */; };
		44E9F8141B85E08A00165234 /* guidePage02@5s.png in Resources */ = {isa = PBXBuildFile; fileRef = 44E9F80F1B85E08A00165234 /* guidePage02@5s.png */; };
		44E9F8151B85E08A00165234 /* guidePage03@5s.png in Resources */ = {isa = PBXBuildFile; fileRef = 44E9F8101B85E08A00165234 /* guidePage03@5s.png */; };
		44E9F8161B85E08A00165234 /* guidePage04@5s.png in Resources */ = {isa = PBXBuildFile; fileRef = 44E9F8111B85E08A00165234 /* guidePage04@5s.png */; };
		44E9F8171B85E08A00165234 /* guidePage05@5s.png in Resources */ = {isa = PBXBuildFile; fileRef = 44E9F8121B85E08A00165234 /* guidePage05@5s.png */; };
		44E9F81E1B85E0AB00165234 /* guidePage01@6.png in Resources */ = {isa = PBXBuildFile; fileRef = 44E9F8191B85E0AB00165234 /* guidePage01@6.png */; };
		44E9F81F1B85E0AB00165234 /* guidePage02@6.png in Resources */ = {isa = PBXBuildFile; fileRef = 44E9F81A1B85E0AB00165234 /* guidePage02@6.png */; };
		44E9F8201B85E0AB00165234 /* guidePage03@6.png in Resources */ = {isa = PBXBuildFile; fileRef = 44E9F81B1B85E0AB00165234 /* guidePage03@6.png */; };
		44E9F8211B85E0AB00165234 /* guidePage04@6.png in Resources */ = {isa = PBXBuildFile; fileRef = 44E9F81C1B85E0AB00165234 /* guidePage04@6.png */; };
		44E9F8221B85E0AB00165234 /* guidePage05@6.png in Resources */ = {isa = PBXBuildFile; fileRef = 44E9F81D1B85E0AB00165234 /* guidePage05@6.png */; };
		44E9F8291B85E0C700165234 /* guidePage01@6plus.png in Resources */ = {isa = PBXBuildFile; fileRef = 44E9F8241B85E0C700165234 /* guidePage01@6plus.png */; };
		44E9F82A1B85E0C700165234 /* guidePage02@6plus.png in Resources */ = {isa = PBXBuildFile; fileRef = 44E9F8251B85E0C700165234 /* guidePage02@6plus.png */; };
		44E9F82B1B85E0C700165234 /* guidePage03@6plus.png in Resources */ = {isa = PBXBuildFile; fileRef = 44E9F8261B85E0C700165234 /* guidePage03@6plus.png */; };
		44E9F82C1B85E0C700165234 /* guidePage04@6plus.png in Resources */ = {isa = PBXBuildFile; fileRef = 44E9F8271B85E0C700165234 /* guidePage04@6plus.png */; };
		44E9F82D1B85E0C700165234 /* guidePage05@6plus.png in Resources */ = {isa = PBXBuildFile; fileRef = 44E9F8281B85E0C700165234 /* guidePage05@6plus.png */; };
		44E9F8341B85EAB800165234 /* zkeyButtonWithImageAndTitle.m in Sources */ = {isa = PBXBuildFile; fileRef = 44E9F8331B85EAB800165234 /* zkeyButtonWithImageAndTitle.m */; };
		44E9F8391B85EB6200165234 /* libWeChatSDK.a in Frameworks */ = {isa = PBXBuildFile; fileRef = 44E9F8361B85EB6200165234 /* libWeChatSDK.a */; };
		44E9F83D1B85F00400165234 /* libz.dylib in Frameworks */ = {isa = PBXBuildFile; fileRef = 44E9F83C1B85F00400165234 /* libz.dylib */; };
		44E9F83F1B85F01800165234 /* libsqlite3.0.dylib in Frameworks */ = {isa = PBXBuildFile; fileRef = 44E9F83E1B85F01800165234 /* libsqlite3.0.dylib */; };
		44E9F8411B85F02500165234 /* libc++.dylib in Frameworks */ = {isa = PBXBuildFile; fileRef = 44E9F8401B85F02500165234 /* libc++.dylib */; };
/* End PBXBuildFile section */

/* Begin PBXContainerItemProxy section */
		44E9F7DF1B84D4AC00165234 /* PBXContainerItemProxy */ = {
			isa = PBXContainerItemProxy;
			containerPortal = 44E9F7BA1B84D4AC00165234 /* Project object */;
			proxyType = 1;
			remoteGlobalIDString = 44E9F7C11B84D4AC00165234;
			remoteInfo = GXSmartSlock;
		};
/* End PBXContainerItemProxy section */

/* Begin PBXFileReference section */
		44E916801B86CDE200EF9C38 /* Voicemail.wav */ = {isa = PBXFileReference; lastKnownFileType = audio.wav; path = Voicemail.wav; sourceTree = "<group>"; };
		44E916B81B86F41300EF9C38 /* FHRegisterSecondViewController.h */ = {isa = PBXFileReference; fileEncoding = 4; lastKnownFileType = sourcecode.c.h; path = FHRegisterSecondViewController.h; sourceTree = "<group>"; };
		44E916B91B86F41300EF9C38 /* FHRegisterSecondViewController.m */ = {isa = PBXFileReference; fileEncoding = 4; lastKnownFileType = sourcecode.c.objc; path = FHRegisterSecondViewController.m; sourceTree = "<group>"; };
		44E916BA1B86F41300EF9C38 /* FHRegisterThirdViewController.h */ = {isa = PBXFileReference; fileEncoding = 4; lastKnownFileType = sourcecode.c.h; path = FHRegisterThirdViewController.h; sourceTree = "<group>"; };
		44E916BB1B86F41300EF9C38 /* FHRegisterThirdViewController.m */ = {isa = PBXFileReference; fileEncoding = 4; lastKnownFileType = sourcecode.c.objc; path = FHRegisterThirdViewController.m; sourceTree = "<group>"; };
		44E916BE1B86F42300EF9C38 /* FHRegisterFirstViewController.h */ = {isa = PBXFileReference; fileEncoding = 4; lastKnownFileType = sourcecode.c.h; path = FHRegisterFirstViewController.h; sourceTree = "<group>"; };
		44E916BF1B86F42300EF9C38 /* FHRegisterFirstViewController.m */ = {isa = PBXFileReference; fileEncoding = 4; lastKnownFileType = sourcecode.c.objc; path = FHRegisterFirstViewController.m; sourceTree = "<group>"; };
		44E916C01B86F42300EF9C38 /* GXLoginViewController.h */ = {isa = PBXFileReference; fileEncoding = 4; lastKnownFileType = sourcecode.c.h; path = GXLoginViewController.h; sourceTree = "<group>"; };
		44E916C11B86F42300EF9C38 /* GXLoginViewController.m */ = {isa = PBXFileReference; fileEncoding = 4; lastKnownFileType = sourcecode.c.objc; path = GXLoginViewController.m; sourceTree = "<group>"; };
		44E916C51B86F46300EF9C38 /* GXRegisterModel.h */ = {isa = PBXFileReference; fileEncoding = 4; lastKnownFileType = sourcecode.c.h; path = GXRegisterModel.h; sourceTree = "<group>"; };
		44E916C61B86F46300EF9C38 /* GXRegisterModel.m */ = {isa = PBXFileReference; fileEncoding = 4; lastKnownFileType = sourcecode.c.objc; path = GXRegisterModel.m; sourceTree = "<group>"; };
		44E916D71B87157400EF9C38 /* GXDatabaseEntityUser.h */ = {isa = PBXFileReference; fileEncoding = 4; lastKnownFileType = sourcecode.c.h; path = GXDatabaseEntityUser.h; sourceTree = "<group>"; };
		44E916D81B87157400EF9C38 /* GXDatabaseEntityUser.m */ = {isa = PBXFileReference; fileEncoding = 4; lastKnownFileType = sourcecode.c.objc; path = GXDatabaseEntityUser.m; sourceTree = "<group>"; };
		44E916DA1B87157400EF9C38 /* GXDatabaseEntityRecord.h */ = {isa = PBXFileReference; fileEncoding = 4; lastKnownFileType = sourcecode.c.h; path = GXDatabaseEntityRecord.h; sourceTree = "<group>"; };
		44E916DB1B87157400EF9C38 /* GXDatabaseEntityRecord.m */ = {isa = PBXFileReference; fileEncoding = 4; lastKnownFileType = sourcecode.c.objc; path = GXDatabaseEntityRecord.m; sourceTree = "<group>"; };
		44E916E01B87158800EF9C38 /* GXDatabaseHelper.h */ = {isa = PBXFileReference; fileEncoding = 4; lastKnownFileType = sourcecode.c.h; path = GXDatabaseHelper.h; sourceTree = "<group>"; };
		44E916E11B87158800EF9C38 /* GXDatabaseHelper.m */ = {isa = PBXFileReference; fileEncoding = 4; lastKnownFileType = sourcecode.c.objc; path = GXDatabaseHelper.m; sourceTree = "<group>"; };
		44E916E31B877F5000EF9C38 /* MICRO_COREDATA.h */ = {isa = PBXFileReference; lastKnownFileType = sourcecode.c.h; path = MICRO_COREDATA.h; sourceTree = "<group>"; };
		44E916E81B87874300EF9C38 /* zkeyLoginView.h */ = {isa = PBXFileReference; fileEncoding = 4; lastKnownFileType = sourcecode.c.h; path = zkeyLoginView.h; sourceTree = "<group>"; };
		44E916E91B87874300EF9C38 /* zkeyLoginView.m */ = {isa = PBXFileReference; fileEncoding = 4; lastKnownFileType = sourcecode.c.objc; path = zkeyLoginView.m; sourceTree = "<group>"; };
		44E916EB1B87878500EF9C38 /* MICRO_LOGIN.h */ = {isa = PBXFileReference; fileEncoding = 4; lastKnownFileType = sourcecode.c.h; path = MICRO_LOGIN.h; sourceTree = "<group>"; };
		44E916EE1B87880300EF9C38 /* zkeyIndentifierValidator.h */ = {isa = PBXFileReference; fileEncoding = 4; lastKnownFileType = sourcecode.c.h; path = zkeyIndentifierValidator.h; sourceTree = "<group>"; };
		44E916EF1B87880300EF9C38 /* zkeyIndentifierValidator.m */ = {isa = PBXFileReference; fileEncoding = 4; lastKnownFileType = sourcecode.c.objc; path = zkeyIndentifierValidator.m; sourceTree = "<group>"; };
		44E916F31B880EA300EF9C38 /* GXDeviceModel.h */ = {isa = PBXFileReference; fileEncoding = 4; lastKnownFileType = sourcecode.c.h; path = GXDeviceModel.h; sourceTree = "<group>"; };
		44E916F41B880EA300EF9C38 /* GXDeviceModel.m */ = {isa = PBXFileReference; fileEncoding = 4; lastKnownFileType = sourcecode.c.objc; path = GXDeviceModel.m; sourceTree = "<group>"; };
		44E916F61B88414000EF9C38 /* GXDatabaseEntityDevice.h */ = {isa = PBXFileReference; fileEncoding = 4; lastKnownFileType = sourcecode.c.h; path = GXDatabaseEntityDevice.h; sourceTree = "<group>"; };
		44E916F71B88414000EF9C38 /* GXDatabaseEntityDevice.m */ = {isa = PBXFileReference; fileEncoding = 4; lastKnownFileType = sourcecode.c.objc; path = GXDatabaseEntityDevice.m; sourceTree = "<group>"; };
		44E916FC1B8843D100EF9C38 /* GXDeviceUserMappingModel.h */ = {isa = PBXFileReference; fileEncoding = 4; lastKnownFileType = sourcecode.c.h; path = GXDeviceUserMappingModel.h; sourceTree = "<group>"; };
		44E916FD1B8843D100EF9C38 /* GXDeviceUserMappingModel.m */ = {isa = PBXFileReference; fileEncoding = 4; lastKnownFileType = sourcecode.c.objc; path = GXDeviceUserMappingModel.m; sourceTree = "<group>"; };
		44E916FF1B8849A900EF9C38 /* GXDatabaseEntityDeviceUserMappingItem.h */ = {isa = PBXFileReference; fileEncoding = 4; lastKnownFileType = sourcecode.c.h; path = GXDatabaseEntityDeviceUserMappingItem.h; sourceTree = "<group>"; };
		44E917001B8849A900EF9C38 /* GXDatabaseEntityDeviceUserMappingItem.m */ = {isa = PBXFileReference; fileEncoding = 4; lastKnownFileType = sourcecode.c.objc; path = GXDatabaseEntityDeviceUserMappingItem.m; sourceTree = "<group>"; };
		44E917021B884B9000EF9C38 /* GXServerDataAnalyst.h */ = {isa = PBXFileReference; fileEncoding = 4; lastKnownFileType = sourcecode.c.h; path = GXServerDataAnalyst.h; sourceTree = "<group>"; };
		44E917031B884B9000EF9C38 /* GXServerDataAnalyst.m */ = {isa = PBXFileReference; fileEncoding = 4; lastKnownFileType = sourcecode.c.objc; path = GXServerDataAnalyst.m; sourceTree = "<group>"; };
		44E917081B8868BB00EF9C38 /* MICRO_SERVER_DATA.h */ = {isa = PBXFileReference; lastKnownFileType = sourcecode.c.h; path = MICRO_SERVER_DATA.h; sourceTree = "<group>"; };
		44E917091B8883B700EF9C38 /* GXUserModel.h */ = {isa = PBXFileReference; fileEncoding = 4; lastKnownFileType = sourcecode.c.h; path = GXUserModel.h; sourceTree = "<group>"; };
		44E9170A1B8883B700EF9C38 /* GXUserModel.m */ = {isa = PBXFileReference; fileEncoding = 4; lastKnownFileType = sourcecode.c.objc; path = GXUserModel.m; sourceTree = "<group>"; };
		44E9B7F21B86048600D289F0 /* SystemConfiguration.framework */ = {isa = PBXFileReference; lastKnownFileType = wrapper.framework; name = SystemConfiguration.framework; path = System/Library/Frameworks/SystemConfiguration.framework; sourceTree = SDKROOT; };
		44E9B7F41B8604F500D289F0 /* libresolv.dylib */ = {isa = PBXFileReference; lastKnownFileType = "compiled.mach-o.dylib"; name = libresolv.dylib; path = usr/lib/libresolv.dylib; sourceTree = SDKROOT; };
		44E9B7F61B86050B00D289F0 /* libxml2.dylib */ = {isa = PBXFileReference; lastKnownFileType = "compiled.mach-o.dylib"; name = libxml2.dylib; path = usr/lib/libxml2.dylib; sourceTree = SDKROOT; };
		44E9B7F81B86052500D289F0 /* MobileCoreServices.framework */ = {isa = PBXFileReference; lastKnownFileType = wrapper.framework; name = MobileCoreServices.framework; path = System/Library/Frameworks/MobileCoreServices.framework; sourceTree = SDKROOT; };
		44E9B7FA1B86052D00D289F0 /* CFNetwork.framework */ = {isa = PBXFileReference; lastKnownFileType = wrapper.framework; name = CFNetwork.framework; path = System/Library/Frameworks/CFNetwork.framework; sourceTree = SDKROOT; };
		44E9B7FC1B86053800D289F0 /* CoreTelephony.framework */ = {isa = PBXFileReference; lastKnownFileType = wrapper.framework; name = CoreTelephony.framework; path = System/Library/Frameworks/CoreTelephony.framework; sourceTree = SDKROOT; };
		44E9B7FE1B860B0900D289F0 /* GXRootViewController.h */ = {isa = PBXFileReference; fileEncoding = 4; lastKnownFileType = sourcecode.c.h; path = GXRootViewController.h; sourceTree = "<group>"; };
		44E9B7FF1B860B0900D289F0 /* GXRootViewController.m */ = {isa = PBXFileReference; fileEncoding = 4; lastKnownFileType = sourcecode.c.objc; path = GXRootViewController.m; sourceTree = "<group>"; };
		44E9B8011B860C8000D289F0 /* zkeyActivityIndicatorView.h */ = {isa = PBXFileReference; fileEncoding = 4; lastKnownFileType = sourcecode.c.h; path = zkeyActivityIndicatorView.h; sourceTree = "<group>"; };
		44E9B8021B860C8000D289F0 /* zkeyActivityIndicatorView.m */ = {isa = PBXFileReference; fileEncoding = 4; lastKnownFileType = sourcecode.c.objc; path = zkeyActivityIndicatorView.m; sourceTree = "<group>"; };
		44E9B8041B860CC600D289F0 /* zkeyAlertBanner.h */ = {isa = PBXFileReference; fileEncoding = 4; lastKnownFileType = sourcecode.c.h; path = zkeyAlertBanner.h; sourceTree = "<group>"; };
		44E9B8051B860CC600D289F0 /* zkeyAlertBanner.m */ = {isa = PBXFileReference; fileEncoding = 4; lastKnownFileType = sourcecode.c.objc; path = zkeyAlertBanner.m; sourceTree = "<group>"; };
		44E9B8061B860CC600D289F0 /* zkeyViewHelper.h */ = {isa = PBXFileReference; fileEncoding = 4; lastKnownFileType = sourcecode.c.h; path = zkeyViewHelper.h; sourceTree = "<group>"; };
		44E9B8071B860CC600D289F0 /* zkeyViewHelper.m */ = {isa = PBXFileReference; fileEncoding = 4; lastKnownFileType = sourcecode.c.objc; path = zkeyViewHelper.m; sourceTree = "<group>"; };
		44E9B80A1B863DB400D289F0 /* MICRO_ROOT.h */ = {isa = PBXFileReference; lastKnownFileType = sourcecode.c.h; path = MICRO_ROOT.h; sourceTree = "<group>"; };
		44E9F7C21B84D4AC00165234 /* GXSmartSlock.app */ = {isa = PBXFileReference; explicitFileType = wrapper.application; includeInIndex = 0; path = GXSmartSlock.app; sourceTree = BUILT_PRODUCTS_DIR; };
		44E9F7C61B84D4AC00165234 /* Info.plist */ = {isa = PBXFileReference; lastKnownFileType = text.plist.xml; path = Info.plist; sourceTree = "<group>"; };
		44E9F7C71B84D4AC00165234 /* main.m */ = {isa = PBXFileReference; lastKnownFileType = sourcecode.c.objc; path = main.m; sourceTree = "<group>"; };
		44E9F7C91B84D4AC00165234 /* AppDelegate.h */ = {isa = PBXFileReference; lastKnownFileType = sourcecode.c.h; path = AppDelegate.h; sourceTree = "<group>"; };
		44E9F7CA1B84D4AC00165234 /* AppDelegate.m */ = {isa = PBXFileReference; lastKnownFileType = sourcecode.c.objc; path = AppDelegate.m; sourceTree = "<group>"; };
		44E9F7CD1B84D4AC00165234 /* GXSmartSlock.xcdatamodel */ = {isa = PBXFileReference; lastKnownFileType = wrapper.xcdatamodel; path = GXSmartSlock.xcdatamodel; sourceTree = "<group>"; };
		44E9F7D31B84D4AC00165234 /* Base */ = {isa = PBXFileReference; lastKnownFileType = file.storyboard; name = Base; path = Base.lproj/Main.storyboard; sourceTree = "<group>"; };
		44E9F7D51B84D4AC00165234 /* Images.xcassets */ = {isa = PBXFileReference; lastKnownFileType = folder.assetcatalog; path = Images.xcassets; sourceTree = "<group>"; };
		44E9F7D81B84D4AC00165234 /* Base */ = {isa = PBXFileReference; lastKnownFileType = file.xib; name = Base; path = Base.lproj/LaunchScreen.xib; sourceTree = "<group>"; };
		44E9F7DE1B84D4AC00165234 /* GXSmartSlockTests.xctest */ = {isa = PBXFileReference; explicitFileType = wrapper.cfbundle; includeInIndex = 0; path = GXSmartSlockTests.xctest; sourceTree = BUILT_PRODUCTS_DIR; };
		44E9F7E31B84D4AC00165234 /* Info.plist */ = {isa = PBXFileReference; lastKnownFileType = text.plist.xml; path = Info.plist; sourceTree = "<group>"; };
		44E9F7E41B84D4AC00165234 /* GXSmartSlockTests.m */ = {isa = PBXFileReference; lastKnownFileType = sourcecode.c.objc; path = GXSmartSlockTests.m; sourceTree = "<group>"; };
		44E9F7EE1B85CDD100165234 /* MICRO_COMMON.h */ = {isa = PBXFileReference; lastKnownFileType = sourcecode.c.h; path = MICRO_COMMON.h; sourceTree = "<group>"; };
		44E9F7F01B85D44600165234 /* libMiPushSDK.a */ = {isa = PBXFileReference; lastKnownFileType = archive.ar; path = libMiPushSDK.a; sourceTree = "<group>"; };
		44E9F7F11B85D44600165234 /* MiPushMessage.h */ = {isa = PBXFileReference; fileEncoding = 4; lastKnownFileType = sourcecode.c.h; path = MiPushMessage.h; sourceTree = "<group>"; };
		44E9F7F21B85D44600165234 /* MiPushSDK.h */ = {isa = PBXFileReference; fileEncoding = 4; lastKnownFileType = sourcecode.c.h; path = MiPushSDK.h; sourceTree = "<group>"; };
		44E9F7F31B85D44600165234 /* MiPushServerSDK.h */ = {isa = PBXFileReference; fileEncoding = 4; lastKnownFileType = sourcecode.c.h; path = MiPushServerSDK.h; sourceTree = "<group>"; };
		44E9F7F41B85D44600165234 /* zkeyMiPushPackage.h */ = {isa = PBXFileReference; fileEncoding = 4; lastKnownFileType = sourcecode.c.h; path = zkeyMiPushPackage.h; sourceTree = "<group>"; };
		44E9F7F51B85D44600165234 /* zkeyMiPushPackage.m */ = {isa = PBXFileReference; fileEncoding = 4; lastKnownFileType = sourcecode.c.objc; path = zkeyMiPushPackage.m; sourceTree = "<group>"; };
		44E9F7FC1B85E00100165234 /* guidePageImgSource.plist */ = {isa = PBXFileReference; fileEncoding = 4; lastKnownFileType = text.plist.xml; path = guidePageImgSource.plist; sourceTree = "<group>"; };
		44E9F7FD1B85E00100165234 /* GXGuidePageViewController.h */ = {isa = PBXFileReference; fileEncoding = 4; lastKnownFileType = sourcecode.c.h; path = GXGuidePageViewController.h; sourceTree = "<group>"; };
		44E9F7FE1B85E00100165234 /* GXGuidePageViewController.m */ = {isa = PBXFileReference; fileEncoding = 4; lastKnownFileType = sourcecode.c.objc; path = GXGuidePageViewController.m; sourceTree = "<group>"; };
		44E9F8031B85E03100165234 /* guidePage01@4s.png */ = {isa = PBXFileReference; lastKnownFileType = image.png; path = "guidePage01@4s.png"; sourceTree = "<group>"; };
		44E9F8041B85E03100165234 /* guidePage02@4s.png */ = {isa = PBXFileReference; lastKnownFileType = image.png; path = "guidePage02@4s.png"; sourceTree = "<group>"; };
		44E9F8051B85E03100165234 /* guidePage03@4s.png */ = {isa = PBXFileReference; lastKnownFileType = image.png; path = "guidePage03@4s.png"; sourceTree = "<group>"; };
		44E9F8061B85E03100165234 /* guidePage04@4s.png */ = {isa = PBXFileReference; lastKnownFileType = image.png; path = "guidePage04@4s.png"; sourceTree = "<group>"; };
		44E9F8071B85E03100165234 /* guidePage05@4s.png */ = {isa = PBXFileReference; lastKnownFileType = image.png; path = "guidePage05@4s.png"; sourceTree = "<group>"; };
		44E9F80E1B85E08A00165234 /* guidePage01@5s.png */ = {isa = PBXFileReference; lastKnownFileType = image.png; path = "guidePage01@5s.png"; sourceTree = "<group>"; };
		44E9F80F1B85E08A00165234 /* guidePage02@5s.png */ = {isa = PBXFileReference; lastKnownFileType = image.png; path = "guidePage02@5s.png"; sourceTree = "<group>"; };
		44E9F8101B85E08A00165234 /* guidePage03@5s.png */ = {isa = PBXFileReference; lastKnownFileType = image.png; path = "guidePage03@5s.png"; sourceTree = "<group>"; };
		44E9F8111B85E08A00165234 /* guidePage04@5s.png */ = {isa = PBXFileReference; lastKnownFileType = image.png; path = "guidePage04@5s.png"; sourceTree = "<group>"; };
		44E9F8121B85E08A00165234 /* guidePage05@5s.png */ = {isa = PBXFileReference; lastKnownFileType = image.png; path = "guidePage05@5s.png"; sourceTree = "<group>"; };
		44E9F8191B85E0AB00165234 /* guidePage01@6.png */ = {isa = PBXFileReference; lastKnownFileType = image.png; path = "guidePage01@6.png"; sourceTree = "<group>"; };
		44E9F81A1B85E0AB00165234 /* guidePage02@6.png */ = {isa = PBXFileReference; lastKnownFileType = image.png; path = "guidePage02@6.png"; sourceTree = "<group>"; };
		44E9F81B1B85E0AB00165234 /* guidePage03@6.png */ = {isa = PBXFileReference; lastKnownFileType = image.png; path = "guidePage03@6.png"; sourceTree = "<group>"; };
		44E9F81C1B85E0AB00165234 /* guidePage04@6.png */ = {isa = PBXFileReference; lastKnownFileType = image.png; path = "guidePage04@6.png"; sourceTree = "<group>"; };
		44E9F81D1B85E0AB00165234 /* guidePage05@6.png */ = {isa = PBXFileReference; lastKnownFileType = image.png; path = "guidePage05@6.png"; sourceTree = "<group>"; };
		44E9F8241B85E0C700165234 /* guidePage01@6plus.png */ = {isa = PBXFileReference; lastKnownFileType = image.png; path = "guidePage01@6plus.png"; sourceTree = "<group>"; };
		44E9F8251B85E0C700165234 /* guidePage02@6plus.png */ = {isa = PBXFileReference; lastKnownFileType = image.png; path = "guidePage02@6plus.png"; sourceTree = "<group>"; };
		44E9F8261B85E0C700165234 /* guidePage03@6plus.png */ = {isa = PBXFileReference; lastKnownFileType = image.png; path = "guidePage03@6plus.png"; sourceTree = "<group>"; };
		44E9F8271B85E0C700165234 /* guidePage04@6plus.png */ = {isa = PBXFileReference; lastKnownFileType = image.png; path = "guidePage04@6plus.png"; sourceTree = "<group>"; };
		44E9F8281B85E0C700165234 /* guidePage05@6plus.png */ = {isa = PBXFileReference; lastKnownFileType = image.png; path = "guidePage05@6plus.png"; sourceTree = "<group>"; };
		44E9F8321B85EAB800165234 /* zkeyButtonWithImageAndTitle.h */ = {isa = PBXFileReference; fileEncoding = 4; lastKnownFileType = sourcecode.c.h; path = zkeyButtonWithImageAndTitle.h; sourceTree = "<group>"; };
		44E9F8331B85EAB800165234 /* zkeyButtonWithImageAndTitle.m */ = {isa = PBXFileReference; fileEncoding = 4; lastKnownFileType = sourcecode.c.objc; path = zkeyButtonWithImageAndTitle.m; sourceTree = "<group>"; };
		44E9F8361B85EB6200165234 /* libWeChatSDK.a */ = {isa = PBXFileReference; lastKnownFileType = archive.ar; path = libWeChatSDK.a; sourceTree = "<group>"; };
		44E9F8371B85EB6200165234 /* WXApi.h */ = {isa = PBXFileReference; fileEncoding = 4; lastKnownFileType = sourcecode.c.h; path = WXApi.h; sourceTree = "<group>"; };
		44E9F8381B85EB6200165234 /* WXApiObject.h */ = {isa = PBXFileReference; fileEncoding = 4; lastKnownFileType = sourcecode.c.h; path = WXApiObject.h; sourceTree = "<group>"; };
		44E9F83C1B85F00400165234 /* libz.dylib */ = {isa = PBXFileReference; lastKnownFileType = "compiled.mach-o.dylib"; name = libz.dylib; path = usr/lib/libz.dylib; sourceTree = SDKROOT; };
		44E9F83E1B85F01800165234 /* libsqlite3.0.dylib */ = {isa = PBXFileReference; lastKnownFileType = "compiled.mach-o.dylib"; name = libsqlite3.0.dylib; path = usr/lib/libsqlite3.0.dylib; sourceTree = SDKROOT; };
		44E9F8401B85F02500165234 /* libc++.dylib */ = {isa = PBXFileReference; lastKnownFileType = "compiled.mach-o.dylib"; name = "libc++.dylib"; path = "usr/lib/libc++.dylib"; sourceTree = SDKROOT; };
/* End PBXFileReference section */

/* Begin PBXFrameworksBuildPhase section */
		44E9F7BF1B84D4AC00165234 /* Frameworks */ = {
			isa = PBXFrameworksBuildPhase;
			buildActionMask = 2147483647;
			files = (
				44E9B7FD1B86053800D289F0 /* CoreTelephony.framework in Frameworks */,
				44E9B7FB1B86052D00D289F0 /* CFNetwork.framework in Frameworks */,
				44E9B7F91B86052500D289F0 /* MobileCoreServices.framework in Frameworks */,
				44E9F83D1B85F00400165234 /* libz.dylib in Frameworks */,
				44E9B7F71B86050B00D289F0 /* libxml2.dylib in Frameworks */,
				44E9B7F51B8604F500D289F0 /* libresolv.dylib in Frameworks */,
				44E9B7F31B86048600D289F0 /* SystemConfiguration.framework in Frameworks */,
				44E9F8411B85F02500165234 /* libc++.dylib in Frameworks */,
				44E9F83F1B85F01800165234 /* libsqlite3.0.dylib in Frameworks */,
				44E9F8391B85EB6200165234 /* libWeChatSDK.a in Frameworks */,
				44E9F7F61B85D44600165234 /* libMiPushSDK.a in Frameworks */,
			);
			runOnlyForDeploymentPostprocessing = 0;
		};
		44E9F7DB1B84D4AC00165234 /* Frameworks */ = {
			isa = PBXFrameworksBuildPhase;
			buildActionMask = 2147483647;
			files = (
			);
			runOnlyForDeploymentPostprocessing = 0;
		};
/* End PBXFrameworksBuildPhase section */

/* Begin PBXGroup section */
		44E916B71B86F3FE00EF9C38 /* Controller */ = {
			isa = PBXGroup;
			children = (
				44E916BE1B86F42300EF9C38 /* FHRegisterFirstViewController.h */,
				44E916BF1B86F42300EF9C38 /* FHRegisterFirstViewController.m */,
				44E916C01B86F42300EF9C38 /* GXLoginViewController.h */,
				44E916C11B86F42300EF9C38 /* GXLoginViewController.m */,
				44E916B81B86F41300EF9C38 /* FHRegisterSecondViewController.h */,
				44E916B91B86F41300EF9C38 /* FHRegisterSecondViewController.m */,
				44E916BA1B86F41300EF9C38 /* FHRegisterThirdViewController.h */,
				44E916BB1B86F41300EF9C38 /* FHRegisterThirdViewController.m */,
			);
			name = Controller;
			sourceTree = "<group>";
		};
		44E916C41B86F43000EF9C38 /* Model */ = {
			isa = PBXGroup;
			children = (
				44E916C51B86F46300EF9C38 /* GXRegisterModel.h */,
				44E916C61B86F46300EF9C38 /* GXRegisterModel.m */,
			);
			name = Model;
			sourceTree = "<group>";
		};
		44E916E71B87871C00EF9C38 /* View */ = {
			isa = PBXGroup;
			children = (
				44E916E81B87874300EF9C38 /* zkeyLoginView.h */,
				44E916E91B87874300EF9C38 /* zkeyLoginView.m */,
			);
			name = View;
			sourceTree = "<group>";
		};
		44E916EC1B8787E900EF9C38 /* Helper */ = {
			isa = PBXGroup;
			children = (
				44E916ED1B8787F500EF9C38 /* ModelHelper */,
				44E9F8311B85EA9B00165234 /* ViewHelper */,
			);
			name = Helper;
			sourceTree = "<group>";
		};
		44E916ED1B8787F500EF9C38 /* ModelHelper */ = {
			isa = PBXGroup;
			children = (
				44E916EE1B87880300EF9C38 /* zkeyIndentifierValidator.h */,
				44E916EF1B87880300EF9C38 /* zkeyIndentifierValidator.m */,
			);
			name = ModelHelper;
			sourceTree = "<group>";
		};
		44E916F11B880E0700EF9C38 /* Local */ = {
			isa = PBXGroup;
			children = (
				44E9F7CC1B84D4AC00165234 /* GXSmartSlock.xcdatamodeld */,
				44E916DA1B87157400EF9C38 /* GXDatabaseEntityRecord.h */,
				44E916DB1B87157400EF9C38 /* GXDatabaseEntityRecord.m */,
				44E916D71B87157400EF9C38 /* GXDatabaseEntityUser.h */,
				44E916D81B87157400EF9C38 /* GXDatabaseEntityUser.m */,
				44E916E01B87158800EF9C38 /* GXDatabaseHelper.h */,
				44E916E11B87158800EF9C38 /* GXDatabaseHelper.m */,
				44E916E31B877F5000EF9C38 /* MICRO_COREDATA.h */,
				44E916F61B88414000EF9C38 /* GXDatabaseEntityDevice.h */,
				44E916F71B88414000EF9C38 /* GXDatabaseEntityDevice.m */,
				44E916FF1B8849A900EF9C38 /* GXDatabaseEntityDeviceUserMappingItem.h */,
				44E917001B8849A900EF9C38 /* GXDatabaseEntityDeviceUserMappingItem.m */,
			);
			name = Local;
			sourceTree = "<group>";
		};
		44E916F21B880E1500EF9C38 /* ServerDataAnalyst */ = {
			isa = PBXGroup;
			children = (
				44E916F31B880EA300EF9C38 /* GXDeviceModel.h */,
				44E916F41B880EA300EF9C38 /* GXDeviceModel.m */,
				44E916FC1B8843D100EF9C38 /* GXDeviceUserMappingModel.h */,
				44E916FD1B8843D100EF9C38 /* GXDeviceUserMappingModel.m */,
				44E917021B884B9000EF9C38 /* GXServerDataAnalyst.h */,
				44E917031B884B9000EF9C38 /* GXServerDataAnalyst.m */,
				44E917081B8868BB00EF9C38 /* MICRO_SERVER_DATA.h */,
				44E917091B8883B700EF9C38 /* GXUserModel.h */,
				44E9170A1B8883B700EF9C38 /* GXUserModel.m */,
			);
			name = ServerDataAnalyst;
			sourceTree = "<group>";
		};
		44E9F7B91B84D4AC00165234 = {
			isa = PBXGroup;
			children = (
				44E9F7C41B84D4AC00165234 /* GXSmartSlock */,
				44E9F7E11B84D4AC00165234 /* GXSmartSlockTests */,
				44E9F7C31B84D4AC00165234 /* Products */,
			);
			sourceTree = "<group>";
		};
		44E9F7C31B84D4AC00165234 /* Products */ = {
			isa = PBXGroup;
			children = (
				44E9F7C21B84D4AC00165234 /* GXSmartSlock.app */,
				44E9F7DE1B84D4AC00165234 /* GXSmartSlockTests.xctest */,
			);
			name = Products;
			sourceTree = "<group>";
		};
		44E9F7C41B84D4AC00165234 /* GXSmartSlock */ = {
			isa = PBXGroup;
			children = (
				44E916EC1B8787E900EF9C38 /* Helper */,
				44E9F83B1B85EC2000165234 /* Database */,
				44E9F83A1B85EC0600165234 /* Login&Register&Logout */,
				44E9F8351B85EB5700165234 /* zkeyWeiXinSDK */,
				44E9F7F91B85DCE500165234 /* UnlockBLETool */,
				44E9F7F81B85DCD400165234 /* Root */,
				44E9F7C91B84D4AC00165234 /* AppDelegate.h */,
				44E9F7CA1B84D4AC00165234 /* AppDelegate.m */,
				44E9F7D21B84D4AC00165234 /* Main.storyboard */,
				44E9F7D51B84D4AC00165234 /* Images.xcassets */,
				44E9F7D71B84D4AC00165234 /* LaunchScreen.xib */,
				44E9F7C51B84D4AC00165234 /* Supporting Files */,
			);
			path = GXSmartSlock;
			sourceTree = "<group>";
		};
		44E9F7C51B84D4AC00165234 /* Supporting Files */ = {
			isa = PBXGroup;
			children = (
				44E916801B86CDE200EF9C38 /* Voicemail.wav */,
				44E9F8421B85F04100165234 /* Framework */,
				44E9F8011B85E00700165234 /* GuidePage */,
				44E9F7EF1B85D43C00165234 /* miPush */,
				44E9F7C61B84D4AC00165234 /* Info.plist */,
				44E9F7C71B84D4AC00165234 /* main.m */,
				44E9F7EE1B85CDD100165234 /* MICRO_COMMON.h */,
			);
			name = "Supporting Files";
			sourceTree = "<group>";
		};
		44E9F7E11B84D4AC00165234 /* GXSmartSlockTests */ = {
			isa = PBXGroup;
			children = (
				44E9F7E41B84D4AC00165234 /* GXSmartSlockTests.m */,
				44E9F7E21B84D4AC00165234 /* Supporting Files */,
			);
			path = GXSmartSlockTests;
			sourceTree = "<group>";
		};
		44E9F7E21B84D4AC00165234 /* Supporting Files */ = {
			isa = PBXGroup;
			children = (
				44E9F7E31B84D4AC00165234 /* Info.plist */,
			);
			name = "Supporting Files";
			sourceTree = "<group>";
		};
		44E9F7EF1B85D43C00165234 /* miPush */ = {
			isa = PBXGroup;
			children = (
				44E9F7F01B85D44600165234 /* libMiPushSDK.a */,
				44E9F7F11B85D44600165234 /* MiPushMessage.h */,
				44E9F7F21B85D44600165234 /* MiPushSDK.h */,
				44E9F7F31B85D44600165234 /* MiPushServerSDK.h */,
				44E9F7F41B85D44600165234 /* zkeyMiPushPackage.h */,
				44E9F7F51B85D44600165234 /* zkeyMiPushPackage.m */,
			);
			name = miPush;
			sourceTree = "<group>";
		};
		44E9F7F81B85DCD400165234 /* Root */ = {
			isa = PBXGroup;
			children = (
				44E9B7FE1B860B0900D289F0 /* GXRootViewController.h */,
				44E9B7FF1B860B0900D289F0 /* GXRootViewController.m */,
				44E9B80A1B863DB400D289F0 /* MICRO_ROOT.h */,
			);
			name = Root;
			sourceTree = "<group>";
		};
		44E9F7F91B85DCE500165234 /* UnlockBLETool */ = {
			isa = PBXGroup;
			children = (
			);
			name = UnlockBLETool;
			sourceTree = "<group>";
		};
		44E9F8011B85E00700165234 /* GuidePage */ = {
			isa = PBXGroup;
			children = (
				44E9F8231B85E0B000165234 /* image@6plus */,
				44E9F8181B85E09100165234 /* image@6 */,
				44E9F80D1B85E03600165234 /* image@5s */,
				44E9F8021B85E01A00165234 /* image@4s */,
				44E9F7FC1B85E00100165234 /* guidePageImgSource.plist */,
				44E9F7FD1B85E00100165234 /* GXGuidePageViewController.h */,
				44E9F7FE1B85E00100165234 /* GXGuidePageViewController.m */,
			);
			name = GuidePage;
			sourceTree = "<group>";
		};
		44E9F8021B85E01A00165234 /* image@4s */ = {
			isa = PBXGroup;
			children = (
				44E9F8031B85E03100165234 /* guidePage01@4s.png */,
				44E9F8041B85E03100165234 /* guidePage02@4s.png */,
				44E9F8051B85E03100165234 /* guidePage03@4s.png */,
				44E9F8061B85E03100165234 /* guidePage04@4s.png */,
				44E9F8071B85E03100165234 /* guidePage05@4s.png */,
			);
			name = "image@4s";
			sourceTree = "<group>";
		};
		44E9F80D1B85E03600165234 /* image@5s */ = {
			isa = PBXGroup;
			children = (
				44E9F80E1B85E08A00165234 /* guidePage01@5s.png */,
				44E9F80F1B85E08A00165234 /* guidePage02@5s.png */,
				44E9F8101B85E08A00165234 /* guidePage03@5s.png */,
				44E9F8111B85E08A00165234 /* guidePage04@5s.png */,
				44E9F8121B85E08A00165234 /* guidePage05@5s.png */,
			);
			name = "image@5s";
			sourceTree = "<group>";
		};
		44E9F8181B85E09100165234 /* image@6 */ = {
			isa = PBXGroup;
			children = (
				44E9F8191B85E0AB00165234 /* guidePage01@6.png */,
				44E9F81A1B85E0AB00165234 /* guidePage02@6.png */,
				44E9F81B1B85E0AB00165234 /* guidePage03@6.png */,
				44E9F81C1B85E0AB00165234 /* guidePage04@6.png */,
				44E9F81D1B85E0AB00165234 /* guidePage05@6.png */,
			);
			name = "image@6";
			sourceTree = "<group>";
		};
		44E9F8231B85E0B000165234 /* image@6plus */ = {
			isa = PBXGroup;
			children = (
				44E9F8241B85E0C700165234 /* guidePage01@6plus.png */,
				44E9F8251B85E0C700165234 /* guidePage02@6plus.png */,
				44E9F8261B85E0C700165234 /* guidePage03@6plus.png */,
				44E9F8271B85E0C700165234 /* guidePage04@6plus.png */,
				44E9F8281B85E0C700165234 /* guidePage05@6plus.png */,
			);
			name = "image@6plus";
			sourceTree = "<group>";
		};
		44E9F8311B85EA9B00165234 /* ViewHelper */ = {
			isa = PBXGroup;
			children = (
				44E9B8041B860CC600D289F0 /* zkeyAlertBanner.h */,
				44E9B8051B860CC600D289F0 /* zkeyAlertBanner.m */,
				44E9B8061B860CC600D289F0 /* zkeyViewHelper.h */,
				44E9B8071B860CC600D289F0 /* zkeyViewHelper.m */,
				44E9B8011B860C8000D289F0 /* zkeyActivityIndicatorView.h */,
				44E9B8021B860C8000D289F0 /* zkeyActivityIndicatorView.m */,
				44E9F8321B85EAB800165234 /* zkeyButtonWithImageAndTitle.h */,
				44E9F8331B85EAB800165234 /* zkeyButtonWithImageAndTitle.m */,
			);
			name = ViewHelper;
			sourceTree = "<group>";
		};
		44E9F8351B85EB5700165234 /* zkeyWeiXinSDK */ = {
			isa = PBXGroup;
			children = (
				44E9F8361B85EB6200165234 /* libWeChatSDK.a */,
				44E9F8371B85EB6200165234 /* WXApi.h */,
				44E9F8381B85EB6200165234 /* WXApiObject.h */,
			);
			name = zkeyWeiXinSDK;
			sourceTree = "<group>";
		};
		44E9F83A1B85EC0600165234 /* Login&Register&Logout */ = {
			isa = PBXGroup;
			children = (
				44E916EB1B87878500EF9C38 /* MICRO_LOGIN.h */,
				44E916E71B87871C00EF9C38 /* View */,
				44E916C41B86F43000EF9C38 /* Model */,
				44E916B71B86F3FE00EF9C38 /* Controller */,
			);
			name = "Login&Register&Logout";
			sourceTree = "<group>";
		};
		44E9F83B1B85EC2000165234 /* Database */ = {
			isa = PBXGroup;
			children = (
				44E916F21B880E1500EF9C38 /* ServerDataAnalyst */,
				44E916F11B880E0700EF9C38 /* Local */,
			);
			name = Database;
			sourceTree = "<group>";
		};
		44E9F8421B85F04100165234 /* Framework */ = {
			isa = PBXGroup;
			children = (
				44E9B7FC1B86053800D289F0 /* CoreTelephony.framework */,
				44E9B7FA1B86052D00D289F0 /* CFNetwork.framework */,
				44E9B7F81B86052500D289F0 /* MobileCoreServices.framework */,
				44E9B7F61B86050B00D289F0 /* libxml2.dylib */,
				44E9B7F41B8604F500D289F0 /* libresolv.dylib */,
				44E9B7F21B86048600D289F0 /* SystemConfiguration.framework */,
				44E9F8401B85F02500165234 /* libc++.dylib */,
				44E9F83E1B85F01800165234 /* libsqlite3.0.dylib */,
				44E9F83C1B85F00400165234 /* libz.dylib */,
			);
			name = Framework;
			sourceTree = "<group>";
		};
/* End PBXGroup section */

/* Begin PBXNativeTarget section */
		44E9F7C11B84D4AC00165234 /* GXSmartSlock */ = {
			isa = PBXNativeTarget;
			buildConfigurationList = 44E9F7E81B84D4AC00165234 /* Build configuration list for PBXNativeTarget "GXSmartSlock" */;
			buildPhases = (
				44E9F7BE1B84D4AC00165234 /* Sources */,
				44E9F7BF1B84D4AC00165234 /* Frameworks */,
				44E9F7C01B84D4AC00165234 /* Resources */,
			);
			buildRules = (
			);
			dependencies = (
			);
			name = GXSmartSlock;
			productName = GXSmartSlock;
			productReference = 44E9F7C21B84D4AC00165234 /* GXSmartSlock.app */;
			productType = "com.apple.product-type.application";
		};
		44E9F7DD1B84D4AC00165234 /* GXSmartSlockTests */ = {
			isa = PBXNativeTarget;
			buildConfigurationList = 44E9F7EB1B84D4AC00165234 /* Build configuration list for PBXNativeTarget "GXSmartSlockTests" */;
			buildPhases = (
				44E9F7DA1B84D4AC00165234 /* Sources */,
				44E9F7DB1B84D4AC00165234 /* Frameworks */,
				44E9F7DC1B84D4AC00165234 /* Resources */,
			);
			buildRules = (
			);
			dependencies = (
				44E9F7E01B84D4AC00165234 /* PBXTargetDependency */,
			);
			name = GXSmartSlockTests;
			productName = GXSmartSlockTests;
			productReference = 44E9F7DE1B84D4AC00165234 /* GXSmartSlockTests.xctest */;
			productType = "com.apple.product-type.bundle.unit-test";
		};
/* End PBXNativeTarget section */

/* Begin PBXProject section */
		44E9F7BA1B84D4AC00165234 /* Project object */ = {
			isa = PBXProject;
			attributes = {
				LastUpgradeCheck = 0640;
				ORGANIZATIONNAME = guosim;
				TargetAttributes = {
					44E9F7C11B84D4AC00165234 = {
						CreatedOnToolsVersion = 6.4;
						DevelopmentTeam = Z59QGLWNHK;
					};
					44E9F7DD1B84D4AC00165234 = {
						CreatedOnToolsVersion = 6.4;
						TestTargetID = 44E9F7C11B84D4AC00165234;
					};
				};
			};
			buildConfigurationList = 44E9F7BD1B84D4AC00165234 /* Build configuration list for PBXProject "GXSmartSlock" */;
			compatibilityVersion = "Xcode 3.2";
			developmentRegion = English;
			hasScannedForEncodings = 0;
			knownRegions = (
				en,
				Base,
			);
			mainGroup = 44E9F7B91B84D4AC00165234;
			productRefGroup = 44E9F7C31B84D4AC00165234 /* Products */;
			projectDirPath = "";
			projectRoot = "";
			targets = (
				44E9F7C11B84D4AC00165234 /* GXSmartSlock */,
				44E9F7DD1B84D4AC00165234 /* GXSmartSlockTests */,
			);
		};
/* End PBXProject section */

/* Begin PBXResourcesBuildPhase section */
		44E9F7C01B84D4AC00165234 /* Resources */ = {
			isa = PBXResourcesBuildPhase;
			buildActionMask = 2147483647;
			files = (
				44E9F8201B85E0AB00165234 /* guidePage03@6.png in Resources */,
				44E9F82A1B85E0C700165234 /* guidePage02@6plus.png in Resources */,
				44E9F82B1B85E0C700165234 /* guidePage03@6plus.png in Resources */,
				44E9F7D41B84D4AC00165234 /* Main.storyboard in Resources */,
				44E9F82C1B85E0C700165234 /* guidePage04@6plus.png in Resources */,
				44E9F8131B85E08A00165234 /* guidePage01@5s.png in Resources */,
				44E9F81E1B85E0AB00165234 /* guidePage01@6.png in Resources */,
				44E9F8081B85E03100165234 /* guidePage01@4s.png in Resources */,
				44E9F80A1B85E03100165234 /* guidePage03@4s.png in Resources */,
				44E9F80B1B85E03100165234 /* guidePage04@4s.png in Resources */,
				44E9F80C1B85E03100165234 /* guidePage05@4s.png in Resources */,
				44E9F81F1B85E0AB00165234 /* guidePage02@6.png in Resources */,
				44E9F8161B85E08A00165234 /* guidePage04@5s.png in Resources */,
				44E9F7D91B84D4AC00165234 /* LaunchScreen.xib in Resources */,
				44E9F8211B85E0AB00165234 /* guidePage04@6.png in Resources */,
				44E9F7D61B84D4AC00165234 /* Images.xcassets in Resources */,
				44E9F8221B85E0AB00165234 /* guidePage05@6.png in Resources */,
				44E9F8291B85E0C700165234 /* guidePage01@6plus.png in Resources */,
				44E9F82D1B85E0C700165234 /* guidePage05@6plus.png in Resources */,
				44E9F8141B85E08A00165234 /* guidePage02@5s.png in Resources */,
				44E9F7FF1B85E00100165234 /* guidePageImgSource.plist in Resources */,
				44E9F8091B85E03100165234 /* guidePage02@4s.png in Resources */,
				44E9F8151B85E08A00165234 /* guidePage03@5s.png in Resources */,
				44E9F8171B85E08A00165234 /* guidePage05@5s.png in Resources */,
				44E916811B86CDE200EF9C38 /* Voicemail.wav in Resources */,
			);
			runOnlyForDeploymentPostprocessing = 0;
		};
		44E9F7DC1B84D4AC00165234 /* Resources */ = {
			isa = PBXResourcesBuildPhase;
			buildActionMask = 2147483647;
			files = (
			);
			runOnlyForDeploymentPostprocessing = 0;
		};
/* End PBXResourcesBuildPhase section */

/* Begin PBXSourcesBuildPhase section */
		44E9F7BE1B84D4AC00165234 /* Sources */ = {
			isa = PBXSourcesBuildPhase;
			buildActionMask = 2147483647;
			files = (
				44E9F8341B85EAB800165234 /* zkeyButtonWithImageAndTitle.m in Sources */,
				44E9F7F71B85D44600165234 /* zkeyMiPushPackage.m in Sources */,
				44E9F7CE1B84D4AC00165234 /* GXSmartSlock.xcdatamodeld in Sources */,
				44E916EA1B87874300EF9C38 /* zkeyLoginView.m in Sources */,
				44E916C31B86F42300EF9C38 /* GXLoginViewController.m in Sources */,
				44E916BC1B86F41300EF9C38 /* FHRegisterSecondViewController.m in Sources */,
				44E9F7CB1B84D4AC00165234 /* AppDelegate.m in Sources */,
				44E916FE1B8843D100EF9C38 /* GXDeviceUserMappingModel.m in Sources */,
				44E916F01B87880300EF9C38 /* zkeyIndentifierValidator.m in Sources */,
				44E9F8001B85E00100165234 /* GXGuidePageViewController.m in Sources */,
				44E916F81B88414000EF9C38 /* GXDatabaseEntityDevice.m in Sources */,
				44E917041B884B9000EF9C38 /* GXServerDataAnalyst.m in Sources */,
				44E916C21B86F42300EF9C38 /* FHRegisterFirstViewController.m in Sources */,
				44E9B8091B860CC600D289F0 /* zkeyViewHelper.m in Sources */,
				44E916F51B880EA300EF9C38 /* GXDeviceModel.m in Sources */,
				44E9170B1B8883B700EF9C38 /* GXUserModel.m in Sources */,
				44E916BD1B86F41300EF9C38 /* FHRegisterThirdViewController.m in Sources */,
				44E9B8081B860CC600D289F0 /* zkeyAlertBanner.m in Sources */,
				44E9F7C81B84D4AC00165234 /* main.m in Sources */,
				44E916DC1B87157400EF9C38 /* GXDatabaseEntityRecord.m in Sources */,
				44E916C71B86F46300EF9C38 /* GXRegisterModel.m in Sources */,
				44E9B8031B860C8000D289F0 /* zkeyActivityIndicatorView.m in Sources */,
				44E916E21B87158800EF9C38 /* GXDatabaseHelper.m in Sources */,
				44E917011B8849A900EF9C38 /* GXDatabaseEntityDeviceUserMappingItem.m in Sources */,
				44E916D91B87157400EF9C38 /* GXDatabaseEntityUser.m in Sources */,
				44E9B8001B860B0900D289F0 /* GXRootViewController.m in Sources */,
			);
			runOnlyForDeploymentPostprocessing = 0;
		};
		44E9F7DA1B84D4AC00165234 /* Sources */ = {
			isa = PBXSourcesBuildPhase;
			buildActionMask = 2147483647;
			files = (
				44E9F7E51B84D4AC00165234 /* GXSmartSlockTests.m in Sources */,
			);
			runOnlyForDeploymentPostprocessing = 0;
		};
/* End PBXSourcesBuildPhase section */

/* Begin PBXTargetDependency section */
		44E9F7E01B84D4AC00165234 /* PBXTargetDependency */ = {
			isa = PBXTargetDependency;
			target = 44E9F7C11B84D4AC00165234 /* GXSmartSlock */;
			targetProxy = 44E9F7DF1B84D4AC00165234 /* PBXContainerItemProxy */;
		};
/* End PBXTargetDependency section */

/* Begin PBXVariantGroup section */
		44E9F7D21B84D4AC00165234 /* Main.storyboard */ = {
			isa = PBXVariantGroup;
			children = (
				44E9F7D31B84D4AC00165234 /* Base */,
			);
			name = Main.storyboard;
			sourceTree = "<group>";
		};
		44E9F7D71B84D4AC00165234 /* LaunchScreen.xib */ = {
			isa = PBXVariantGroup;
			children = (
				44E9F7D81B84D4AC00165234 /* Base */,
			);
			name = LaunchScreen.xib;
			sourceTree = "<group>";
		};
/* End PBXVariantGroup section */

/* Begin XCBuildConfiguration section */
		44E9F7E61B84D4AC00165234 /* Debug */ = {
			isa = XCBuildConfiguration;
			buildSettings = {
				ALWAYS_SEARCH_USER_PATHS = NO;
				CLANG_CXX_LANGUAGE_STANDARD = "gnu++0x";
				CLANG_CXX_LIBRARY = "libc++";
				CLANG_ENABLE_MODULES = YES;
				CLANG_ENABLE_OBJC_ARC = YES;
				CLANG_WARN_BOOL_CONVERSION = YES;
				CLANG_WARN_CONSTANT_CONVERSION = YES;
				CLANG_WARN_DIRECT_OBJC_ISA_USAGE = YES_ERROR;
				CLANG_WARN_EMPTY_BODY = YES;
				CLANG_WARN_ENUM_CONVERSION = YES;
				CLANG_WARN_INT_CONVERSION = YES;
				CLANG_WARN_OBJC_ROOT_CLASS = YES_ERROR;
				CLANG_WARN_UNREACHABLE_CODE = YES;
				CLANG_WARN__DUPLICATE_METHOD_MATCH = YES;
				"CODE_SIGN_IDENTITY[sdk=iphoneos*]" = "iPhone Developer";
				COPY_PHASE_STRIP = NO;
				DEBUG_INFORMATION_FORMAT = "dwarf-with-dsym";
				ENABLE_STRICT_OBJC_MSGSEND = YES;
				GCC_C_LANGUAGE_STANDARD = gnu99;
				GCC_DYNAMIC_NO_PIC = NO;
				GCC_NO_COMMON_BLOCKS = YES;
				GCC_OPTIMIZATION_LEVEL = 0;
				GCC_PREPROCESSOR_DEFINITIONS = (
					"DEBUG=1",
					"$(inherited)",
				);
				GCC_SYMBOLS_PRIVATE_EXTERN = NO;
				GCC_WARN_64_TO_32_BIT_CONVERSION = YES;
				GCC_WARN_ABOUT_RETURN_TYPE = YES_ERROR;
				GCC_WARN_UNDECLARED_SELECTOR = YES;
				GCC_WARN_UNINITIALIZED_AUTOS = YES_AGGRESSIVE;
				GCC_WARN_UNUSED_FUNCTION = YES;
				GCC_WARN_UNUSED_VARIABLE = YES;
				IPHONEOS_DEPLOYMENT_TARGET = 8.4;
				MTL_ENABLE_DEBUG_INFO = YES;
				ONLY_ACTIVE_ARCH = YES;
				SDKROOT = iphoneos;
				TARGETED_DEVICE_FAMILY = "1,2";
			};
			name = Debug;
		};
		44E9F7E71B84D4AC00165234 /* Release */ = {
			isa = XCBuildConfiguration;
			buildSettings = {
				ALWAYS_SEARCH_USER_PATHS = NO;
				CLANG_CXX_LANGUAGE_STANDARD = "gnu++0x";
				CLANG_CXX_LIBRARY = "libc++";
				CLANG_ENABLE_MODULES = YES;
				CLANG_ENABLE_OBJC_ARC = YES;
				CLANG_WARN_BOOL_CONVERSION = YES;
				CLANG_WARN_CONSTANT_CONVERSION = YES;
				CLANG_WARN_DIRECT_OBJC_ISA_USAGE = YES_ERROR;
				CLANG_WARN_EMPTY_BODY = YES;
				CLANG_WARN_ENUM_CONVERSION = YES;
				CLANG_WARN_INT_CONVERSION = YES;
				CLANG_WARN_OBJC_ROOT_CLASS = YES_ERROR;
				CLANG_WARN_UNREACHABLE_CODE = YES;
				CLANG_WARN__DUPLICATE_METHOD_MATCH = YES;
				"CODE_SIGN_IDENTITY[sdk=iphoneos*]" = "iPhone Developer";
				COPY_PHASE_STRIP = NO;
				DEBUG_INFORMATION_FORMAT = "dwarf-with-dsym";
				ENABLE_NS_ASSERTIONS = NO;
				ENABLE_STRICT_OBJC_MSGSEND = YES;
				GCC_C_LANGUAGE_STANDARD = gnu99;
				GCC_NO_COMMON_BLOCKS = YES;
				GCC_WARN_64_TO_32_BIT_CONVERSION = YES;
				GCC_WARN_ABOUT_RETURN_TYPE = YES_ERROR;
				GCC_WARN_UNDECLARED_SELECTOR = YES;
				GCC_WARN_UNINITIALIZED_AUTOS = YES_AGGRESSIVE;
				GCC_WARN_UNUSED_FUNCTION = YES;
				GCC_WARN_UNUSED_VARIABLE = YES;
				IPHONEOS_DEPLOYMENT_TARGET = 8.4;
				MTL_ENABLE_DEBUG_INFO = NO;
				SDKROOT = iphoneos;
				TARGETED_DEVICE_FAMILY = "1,2";
				VALIDATE_PRODUCT = YES;
			};
			name = Release;
		};
		44E9F7E91B84D4AC00165234 /* Debug */ = {
			isa = XCBuildConfiguration;
			buildSettings = {
				ASSETCATALOG_COMPILER_APPICON_NAME = AppIcon;
				CODE_SIGN_IDENTITY = "iPhone Developer";
				INFOPLIST_FILE = GXSmartSlock/Info.plist;
				IPHONEOS_DEPLOYMENT_TARGET = 7.1;
				LD_RUNPATH_SEARCH_PATHS = "$(inherited) @executable_path/Frameworks";
				LIBRARY_SEARCH_PATHS = (
					"$(inherited)",
					"$(PROJECT_DIR)/GXSmartSlock",
					"$(PROJECT_DIR)/GXSmartSlock/zkeyWeiXinSDK",
				);
				PRODUCT_NAME = "$(TARGET_NAME)";
				TARGETED_DEVICE_FAMILY = "1,2";
			};
			name = Debug;
		};
		44E9F7EA1B84D4AC00165234 /* Release */ = {
			isa = XCBuildConfiguration;
			buildSettings = {
				ASSETCATALOG_COMPILER_APPICON_NAME = AppIcon;
				CODE_SIGN_IDENTITY = "iPhone Developer";
				INFOPLIST_FILE = GXSmartSlock/Info.plist;
				IPHONEOS_DEPLOYMENT_TARGET = 7.1;
				LD_RUNPATH_SEARCH_PATHS = "$(inherited) @executable_path/Frameworks";
				LIBRARY_SEARCH_PATHS = (
					"$(inherited)",
					"$(PROJECT_DIR)/GXSmartSlock",
					"$(PROJECT_DIR)/GXSmartSlock/zkeyWeiXinSDK",
				);
				PRODUCT_NAME = "$(TARGET_NAME)";
				TARGETED_DEVICE_FAMILY = "1,2";
			};
			name = Release;
		};
		44E9F7EC1B84D4AC00165234 /* Debug */ = {
			isa = XCBuildConfiguration;
			buildSettings = {
				BUNDLE_LOADER = "$(TEST_HOST)";
				FRAMEWORK_SEARCH_PATHS = (
					"$(SDKROOT)/Developer/Library/Frameworks",
					"$(inherited)",
				);
				GCC_PREPROCESSOR_DEFINITIONS = (
					"DEBUG=1",
					"$(inherited)",
				);
				INFOPLIST_FILE = GXSmartSlockTests/Info.plist;
				LD_RUNPATH_SEARCH_PATHS = "$(inherited) @executable_path/Frameworks @loader_path/Frameworks";
				PRODUCT_NAME = "$(TARGET_NAME)";
				TEST_HOST = "$(BUILT_PRODUCTS_DIR)/GXSmartSlock.app/GXSmartSlock";
			};
			name = Debug;
		};
		44E9F7ED1B84D4AC00165234 /* Release */ = {
			isa = XCBuildConfiguration;
			buildSettings = {
				BUNDLE_LOADER = "$(TEST_HOST)";
				FRAMEWORK_SEARCH_PATHS = (
					"$(SDKROOT)/Developer/Library/Frameworks",
					"$(inherited)",
				);
				INFOPLIST_FILE = GXSmartSlockTests/Info.plist;
				LD_RUNPATH_SEARCH_PATHS = "$(inherited) @executable_path/Frameworks @loader_path/Frameworks";
				PRODUCT_NAME = "$(TARGET_NAME)";
				TEST_HOST = "$(BUILT_PRODUCTS_DIR)/GXSmartSlock.app/GXSmartSlock";
			};
			name = Release;
		};
/* End XCBuildConfiguration section */

/* Begin XCConfigurationList section */
		44E9F7BD1B84D4AC00165234 /* Build configuration list for PBXProject "GXSmartSlock" */ = {
			isa = XCConfigurationList;
			buildConfigurations = (
				44E9F7E61B84D4AC00165234 /* Debug */,
				44E9F7E71B84D4AC00165234 /* Release */,
			);
			defaultConfigurationIsVisible = 0;
			defaultConfigurationName = Debug;
		};
		44E9F7E81B84D4AC00165234 /* Build configuration list for PBXNativeTarget "GXSmartSlock" */ = {
			isa = XCConfigurationList;
			buildConfigurations = (
				44E9F7E91B84D4AC00165234 /* Debug */,
				44E9F7EA1B84D4AC00165234 /* Release */,
			);
			defaultConfigurationIsVisible = 0;
			defaultConfigurationName = Debug;
		};
		44E9F7EB1B84D4AC00165234 /* Build configuration list for PBXNativeTarget "GXSmartSlockTests" */ = {
			isa = XCConfigurationList;
			buildConfigurations = (
				44E9F7EC1B84D4AC00165234 /* Debug */,
				44E9F7ED1B84D4AC00165234 /* Release */,
			);
			defaultConfigurationIsVisible = 0;
			defaultConfigurationName = Debug;
		};
/* End XCConfigurationList section */

/* Begin XCVersionGroup section */
		44E9F7CC1B84D4AC00165234 /* GXSmartSlock.xcdatamodeld */ = {
			isa = XCVersionGroup;
			children = (
				44E9F7CD1B84D4AC00165234 /* GXSmartSlock.xcdatamodel */,
			);
			currentVersion = 44E9F7CD1B84D4AC00165234 /* GXSmartSlock.xcdatamodel */;
			path = GXSmartSlock.xcdatamodeld;
			sourceTree = "<group>";
			versionGroupType = wrapper.xcdatamodel;
		};
/* End XCVersionGroup section */
	};
	rootObject = 44E9F7BA1B84D4AC00165234 /* Project object */;
}
